
Microsoft Visual Studio Solution File, Format Version 12.00
# Visual Studio Version 16
VisualStudioVersion = 16.0.30907.101
MinimumVisualStudioVersion = 10.0.40219.1
Project("{FAE04EC0-301F-11D3-BF4B-00C04F79EFBC}") = "Gioco del 15 in WF", "Gioco del 15 in WF\Gioco del 15 in WF.csproj", "{C29F34ED-70FF-440F-AC48-1CBA35D42D80}"
EndProject
Global
	GlobalSection(SolutionConfigurationPlatforms) = preSolution
		Debug|Any CPU = Debug|Any CPU
		Release|Any CPU = Release|Any CPU
	EndGlobalSection
	GlobalSection(ProjectConfigurationPlatforms) = postSolution
		{C29F34ED-70FF-440F-AC48-1CBA35D42D80}.Debug|Any CPU.ActiveCfg = Debug|Any CPU
		{C29F34ED-70FF-440F-AC48-1CBA35D42D80}.Debug|Any CPU.Build.0 = Debug|Any CPU
		{C29F34ED-70FF-440F-AC48-1CBA35D42D80}.Release|Any CPU.ActiveCfg = Release|Any CPU
		{C29F34ED-70FF-440F-AC48-1CBA35D42D80}.Release|Any CPU.Build.0 = Release|Any CPU
	EndGlobalSection
	GlobalSection(SolutionProperties) = preSolution
		HideSolutionNode = FALSE
	EndGlobalSection
	GlobalSection(ExtensibilityGlobals) = postSolution
		SolutionGuid = {FAD580B8-8BD5-42C9-B948-79E68D86DFF2}
	EndGlobalSection
EndGlobal
