
Microsoft Visual Studio Solution File, Format Version 12.00
# Visual Studio Version 16
VisualStudioVersion = 16.0.30907.101
MinimumVisualStudioVersion = 10.0.40219.1
Project("{FAE04EC0-301F-11D3-BF4B-00C04F79EFBC}") = "Introduzione alle liste", "Introduzione alle liste\Introduzione alle liste.csproj", "{92BAEE73-9971-40FA-B141-96A777F4434A}"
EndProject
Global
	GlobalSection(SolutionConfigurationPlatforms) = preSolution
		Debug|Any CPU = Debug|Any CPU
		Release|Any CPU = Release|Any CPU
	EndGlobalSection
	GlobalSection(ProjectConfigurationPlatforms) = postSolution
		{92BAEE73-9971-40FA-B141-96A777F4434A}.Debug|Any CPU.ActiveCfg = Debug|Any CPU
		{92BAEE73-9971-40FA-B141-96A777F4434A}.Debug|Any CPU.Build.0 = Debug|Any CPU
		{92BAEE73-9971-40FA-B141-96A777F4434A}.Release|Any CPU.ActiveCfg = Release|Any CPU
		{92BAEE73-9971-40FA-B141-96A777F4434A}.Release|Any CPU.Build.0 = Release|Any CPU
	EndGlobalSection
	GlobalSection(SolutionProperties) = preSolution
		HideSolutionNode = FALSE
	EndGlobalSection
	GlobalSection(ExtensibilityGlobals) = postSolution
		SolutionGuid = {E837FA30-9696-472E-8948-BD04B41613A1}
	EndGlobalSection
EndGlobal
