
Microsoft Visual Studio Solution File, Format Version 12.00
# Visual Studio Version 16
VisualStudioVersion = 16.0.30711.63
MinimumVisualStudioVersion = 10.0.40219.1
Project("{FAE04EC0-301F-11D3-BF4B-00C04F79EFBC}") = "Lancio di 2 dadi", "Lancio di 2 dadi\Lancio di 2 dadi.csproj", "{F983C6A4-F087-48CA-A51C-63CABDDDEADF}"
EndProject
Global
	GlobalSection(SolutionConfigurationPlatforms) = preSolution
		Debug|Any CPU = Debug|Any CPU
		Release|Any CPU = Release|Any CPU
	EndGlobalSection
	GlobalSection(ProjectConfigurationPlatforms) = postSolution
		{F983C6A4-F087-48CA-A51C-63CABDDDEADF}.Debug|Any CPU.ActiveCfg = Debug|Any CPU
		{F983C6A4-F087-48CA-A51C-63CABDDDEADF}.Debug|Any CPU.Build.0 = Debug|Any CPU
		{F983C6A4-F087-48CA-A51C-63CABDDDEADF}.Release|Any CPU.ActiveCfg = Release|Any CPU
		{F983C6A4-F087-48CA-A51C-63CABDDDEADF}.Release|Any CPU.Build.0 = Release|Any CPU
	EndGlobalSection
	GlobalSection(SolutionProperties) = preSolution
		HideSolutionNode = FALSE
	EndGlobalSection
	GlobalSection(ExtensibilityGlobals) = postSolution
		SolutionGuid = {EE0D1952-3000-4AF4-AA30-5ED42FFF43E2}
	EndGlobalSection
EndGlobal
