
Microsoft Visual Studio Solution File, Format Version 12.00
# Visual Studio Version 16
VisualStudioVersion = 16.0.30907.101
MinimumVisualStudioVersion = 10.0.40219.1
Project("{FAE04EC0-301F-11D3-BF4B-00C04F79EFBC}") = "PassaggioValore_Riferimento", "PassaggioValore_Riferimento\PassaggioValore_Riferimento.csproj", "{EEF07B0A-AA45-43BD-B221-3D85DA743A75}"
EndProject
Global
	GlobalSection(SolutionConfigurationPlatforms) = preSolution
		Debug|Any CPU = Debug|Any CPU
		Release|Any CPU = Release|Any CPU
	EndGlobalSection
	GlobalSection(ProjectConfigurationPlatforms) = postSolution
		{EEF07B0A-AA45-43BD-B221-3D85DA743A75}.Debug|Any CPU.ActiveCfg = Debug|Any CPU
		{EEF07B0A-AA45-43BD-B221-3D85DA743A75}.Debug|Any CPU.Build.0 = Debug|Any CPU
		{EEF07B0A-AA45-43BD-B221-3D85DA743A75}.Release|Any CPU.ActiveCfg = Release|Any CPU
		{EEF07B0A-AA45-43BD-B221-3D85DA743A75}.Release|Any CPU.Build.0 = Release|Any CPU
	EndGlobalSection
	GlobalSection(SolutionProperties) = preSolution
		HideSolutionNode = FALSE
	EndGlobalSection
	GlobalSection(ExtensibilityGlobals) = postSolution
		SolutionGuid = {51A193C4-B199-43B0-B043-9CB7A053BE5A}
	EndGlobalSection
EndGlobal
