
Microsoft Visual Studio Solution File, Format Version 12.00
# Visual Studio Version 16
VisualStudioVersion = 16.0.30114.105
MinimumVisualStudioVersion = 10.0.40219.1
Project("{FAE04EC0-301F-11D3-BF4B-00C04F79EFBC}") = "inputControllato", "inputControllato\inputControllato.csproj", "{45373D18-12B9-433C-BF45-A8B9C614AF9F}"
EndProject
Global
	GlobalSection(SolutionConfigurationPlatforms) = preSolution
		Debug|Any CPU = Debug|Any CPU
		Release|Any CPU = Release|Any CPU
	EndGlobalSection
	GlobalSection(ProjectConfigurationPlatforms) = postSolution
		{45373D18-12B9-433C-BF45-A8B9C614AF9F}.Debug|Any CPU.ActiveCfg = Debug|Any CPU
		{45373D18-12B9-433C-BF45-A8B9C614AF9F}.Debug|Any CPU.Build.0 = Debug|Any CPU
		{45373D18-12B9-433C-BF45-A8B9C614AF9F}.Release|Any CPU.ActiveCfg = Release|Any CPU
		{45373D18-12B9-433C-BF45-A8B9C614AF9F}.Release|Any CPU.Build.0 = Release|Any CPU
	EndGlobalSection
	GlobalSection(SolutionProperties) = preSolution
		HideSolutionNode = FALSE
	EndGlobalSection
	GlobalSection(ExtensibilityGlobals) = postSolution
		SolutionGuid = {44655BF2-EBEF-42B9-9EA9-31646F79D6C4}
	EndGlobalSection
EndGlobal
