
Microsoft Visual Studio Solution File, Format Version 12.00
# Visual Studio Version 16
VisualStudioVersion = 16.0.30717.126
MinimumVisualStudioVersion = 10.0.40219.1
Project("{FAE04EC0-301F-11D3-BF4B-00C04F79EFBC}") = "Impiccato", "Impiccato\Impiccato.csproj", "{6DCE2B1B-1A56-437C-A96F-0DC2D23967CC}"
EndProject
Global
	GlobalSection(SolutionConfigurationPlatforms) = preSolution
		Debug|Any CPU = Debug|Any CPU
		Release|Any CPU = Release|Any CPU
	EndGlobalSection
	GlobalSection(ProjectConfigurationPlatforms) = postSolution
		{6DCE2B1B-1A56-437C-A96F-0DC2D23967CC}.Debug|Any CPU.ActiveCfg = Debug|Any CPU
		{6DCE2B1B-1A56-437C-A96F-0DC2D23967CC}.Debug|Any CPU.Build.0 = Debug|Any CPU
		{6DCE2B1B-1A56-437C-A96F-0DC2D23967CC}.Release|Any CPU.ActiveCfg = Release|Any CPU
		{6DCE2B1B-1A56-437C-A96F-0DC2D23967CC}.Release|Any CPU.Build.0 = Release|Any CPU
	EndGlobalSection
	GlobalSection(SolutionProperties) = preSolution
		HideSolutionNode = FALSE
	EndGlobalSection
	GlobalSection(ExtensibilityGlobals) = postSolution
		SolutionGuid = {1CD4C61E-649E-4EA6-87DE-A9D16D50908E}
	EndGlobalSection
EndGlobal
