
Microsoft Visual Studio Solution File, Format Version 12.00
# Visual Studio Version 16
VisualStudioVersion = 16.0.30611.23
MinimumVisualStudioVersion = 10.0.40219.1
Project("{FAE04EC0-301F-11D3-BF4B-00C04F79EFBC}") = "CostruttoSwitch", "CostruttoSwitch\CostruttoSwitch.csproj", "{16342894-A02E-42F1-BC65-8B689DB70128}"
EndProject
Global
	GlobalSection(SolutionConfigurationPlatforms) = preSolution
		Debug|Any CPU = Debug|Any CPU
		Release|Any CPU = Release|Any CPU
	EndGlobalSection
	GlobalSection(ProjectConfigurationPlatforms) = postSolution
		{16342894-A02E-42F1-BC65-8B689DB70128}.Debug|Any CPU.ActiveCfg = Debug|Any CPU
		{16342894-A02E-42F1-BC65-8B689DB70128}.Debug|Any CPU.Build.0 = Debug|Any CPU
		{16342894-A02E-42F1-BC65-8B689DB70128}.Release|Any CPU.ActiveCfg = Release|Any CPU
		{16342894-A02E-42F1-BC65-8B689DB70128}.Release|Any CPU.Build.0 = Release|Any CPU
	EndGlobalSection
	GlobalSection(SolutionProperties) = preSolution
		HideSolutionNode = FALSE
	EndGlobalSection
	GlobalSection(ExtensibilityGlobals) = postSolution
		SolutionGuid = {3E173FD6-6CE6-4EBA-B02D-F8048A20B94B}
	EndGlobalSection
EndGlobal
