
Microsoft Visual Studio Solution File, Format Version 12.00
# Visual Studio Version 16
VisualStudioVersion = 16.0.30621.155
MinimumVisualStudioVersion = 10.0.40219.1
Project("{FAE04EC0-301F-11D3-BF4B-00C04F79EFBC}") = "Estrazioni causuali", "Estrazioni causuali\Estrazioni causuali.csproj", "{3DC6DDA6-2641-433D-92B0-DCE0B0FAE899}"
EndProject
Global
	GlobalSection(SolutionConfigurationPlatforms) = preSolution
		Debug|Any CPU = Debug|Any CPU
		Release|Any CPU = Release|Any CPU
	EndGlobalSection
	GlobalSection(ProjectConfigurationPlatforms) = postSolution
		{3DC6DDA6-2641-433D-92B0-DCE0B0FAE899}.Debug|Any CPU.ActiveCfg = Debug|Any CPU
		{3DC6DDA6-2641-433D-92B0-DCE0B0FAE899}.Debug|Any CPU.Build.0 = Debug|Any CPU
		{3DC6DDA6-2641-433D-92B0-DCE0B0FAE899}.Release|Any CPU.ActiveCfg = Release|Any CPU
		{3DC6DDA6-2641-433D-92B0-DCE0B0FAE899}.Release|Any CPU.Build.0 = Release|Any CPU
	EndGlobalSection
	GlobalSection(SolutionProperties) = preSolution
		HideSolutionNode = FALSE
	EndGlobalSection
	GlobalSection(ExtensibilityGlobals) = postSolution
		SolutionGuid = {699FEAAF-EE06-4A27-91D2-9213AAEF4DAB}
	EndGlobalSection
EndGlobal
